// !$*UTF8*$!
{
	archiveVersion = 1;
	classes = {
	};
	objectVersion = 50;
	objects = {

/* Begin PBXBuildFile section */
		C518BEC624116B60006A4D0C /* UiHelper.swift in Sources */ = {isa = PBXBuildFile; fileRef = C518BEC524116B60006A4D0C /* UiHelper.swift */; };
		C52D2DBD2405722E007996CC /* Follower.swift in Sources */ = {isa = PBXBuildFile; fileRef = C52D2DBC2405722E007996CC /* Follower.swift */; };
		C52D2DBF2405735B007996CC /* User.swift in Sources */ = {isa = PBXBuildFile; fileRef = C52D2DBE2405735B007996CC /* User.swift */; };
		C52D2DC224057BE4007996CC /* NetworkManager.swift in Sources */ = {isa = PBXBuildFile; fileRef = C52D2DC124057BE4007996CC /* NetworkManager.swift */; };
		C533517923EC86D5004F0C76 /* GFTitleLabel.swift in Sources */ = {isa = PBXBuildFile; fileRef = C533517823EC86D5004F0C76 /* GFTitleLabel.swift */; };
		C54180CB23E5738700778699 /* AppDelegate.swift in Sources */ = {isa = PBXBuildFile; fileRef = C54180CA23E5738700778699 /* AppDelegate.swift */; };
		C54180CD23E5738700778699 /* SceneDelegate.swift in Sources */ = {isa = PBXBuildFile; fileRef = C54180CC23E5738700778699 /* SceneDelegate.swift */; };
		C54180D423E5738900778699 /* Assets.xcassets in Resources */ = {isa = PBXBuildFile; fileRef = C54180D323E5738900778699 /* Assets.xcassets */; };
		C54180D723E5738900778699 /* LaunchScreen.storyboard in Resources */ = {isa = PBXBuildFile; fileRef = C54180D523E5738900778699 /* LaunchScreen.storyboard */; };
		C54180DF23E57A1B00778699 /* SearchVC.swift in Sources */ = {isa = PBXBuildFile; fileRef = C54180DE23E57A1B00778699 /* SearchVC.swift */; };
		C54180E123E57A4700778699 /* FavListVC.swift in Sources */ = {isa = PBXBuildFile; fileRef = C54180E023E57A4700778699 /* FavListVC.swift */; };
		C54180E323E5883900778699 /* GFButton.swift in Sources */ = {isa = PBXBuildFile; fileRef = C54180E223E5883900778699 /* GFButton.swift */; };
		C54180E523E58CF500778699 /* GFTextField.swift in Sources */ = {isa = PBXBuildFile; fileRef = C54180E423E58CF500778699 /* GFTextField.swift */; };
		C54180E723E5A39B00778699 /* FollowerListVC.swift in Sources */ = {isa = PBXBuildFile; fileRef = C54180E623E5A39B00778699 /* FollowerListVC.swift */; };
		C573A9E4242FC46600CF5356 /* GFUserInfoHeaderVC.swift in Sources */ = {isa = PBXBuildFile; fileRef = C573A9E3242FC46600CF5356 /* GFUserInfoHeaderVC.swift */; };
		C573A9E6242FC50500CF5356 /* GFSecondaryTitleLabel.swift in Sources */ = {isa = PBXBuildFile; fileRef = C573A9E5242FC50500CF5356 /* GFSecondaryTitleLabel.swift */; };
		C594AE9524251CB7003830BC /* UserInfoVC.swift in Sources */ = {isa = PBXBuildFile; fileRef = C594AE9424251CB7003830BC /* UserInfoVC.swift */; };
		C5B035EC242BA8AB00B5B294 /* GFerror.swift in Sources */ = {isa = PBXBuildFile; fileRef = C5B035EB242BA8AB00B5B294 /* GFerror.swift */; };
		C5C89B58243105F0006D16EF /* Constants.swift in Sources */ = {isa = PBXBuildFile; fileRef = C5C89B57243105F0006D16EF /* Constants.swift */; };
		C5DC92152412612D00A0A00A /* GFEmptyStateView.swift in Sources */ = {isa = PBXBuildFile; fileRef = C5DC92142412612D00A0A00A /* GFEmptyStateView.swift */; };
		C5E1753E23F7DD9E00D7BE06 /* GFBodyLabel.swift in Sources */ = {isa = PBXBuildFile; fileRef = C5E1753D23F7DD9E00D7BE06 /* GFBodyLabel.swift */; };
		C5E1754023F7DEBB00D7BE06 /* GFAlertVCViewController.swift in Sources */ = {isa = PBXBuildFile; fileRef = C5E1753F23F7DEBB00D7BE06 /* GFAlertVCViewController.swift */; };
		C5E1754223F7E9D200D7BE06 /* UIViewController+Ext.swift in Sources */ = {isa = PBXBuildFile; fileRef = C5E1754123F7E9D200D7BE06 /* UIViewController+Ext.swift */; };
		C5FB3337240D4E610045C85F /* FollowerCell.swift in Sources */ = {isa = PBXBuildFile; fileRef = C5FB3336240D4E610045C85F /* FollowerCell.swift */; };
		C5FB3339240D4EDE0045C85F /* GFAvatarImageView.swift in Sources */ = {isa = PBXBuildFile; fileRef = C5FB3338240D4EDE0045C85F /* GFAvatarImageView.swift */; };
/* End PBXBuildFile section */

/* Begin PBXFileReference section */
		C518BEC524116B60006A4D0C /* UiHelper.swift */ = {isa = PBXFileReference; lastKnownFileType = sourcecode.swift; path = UiHelper.swift; sourceTree = "<group>"; };
		C52D2DBC2405722E007996CC /* Follower.swift */ = {isa = PBXFileReference; lastKnownFileType = sourcecode.swift; path = Follower.swift; sourceTree = "<group>"; };
		C52D2DBE2405735B007996CC /* User.swift */ = {isa = PBXFileReference; lastKnownFileType = sourcecode.swift; path = User.swift; sourceTree = "<group>"; };
		C52D2DC124057BE4007996CC /* NetworkManager.swift */ = {isa = PBXFileReference; lastKnownFileType = sourcecode.swift; path = NetworkManager.swift; sourceTree = "<group>"; };
		C533517823EC86D5004F0C76 /* GFTitleLabel.swift */ = {isa = PBXFileReference; lastKnownFileType = sourcecode.swift; path = GFTitleLabel.swift; sourceTree = "<group>"; };
		C54180C723E5738700778699 /* GithubFollowers.app */ = {isa = PBXFileReference; explicitFileType = wrapper.application; includeInIndex = 0; path = GithubFollowers.app; sourceTree = BUILT_PRODUCTS_DIR; };
		C54180CA23E5738700778699 /* AppDelegate.swift */ = {isa = PBXFileReference; lastKnownFileType = sourcecode.swift; path = AppDelegate.swift; sourceTree = "<group>"; };
		C54180CC23E5738700778699 /* SceneDelegate.swift */ = {isa = PBXFileReference; lastKnownFileType = sourcecode.swift; path = SceneDelegate.swift; sourceTree = "<group>"; };
		C54180D323E5738900778699 /* Assets.xcassets */ = {isa = PBXFileReference; lastKnownFileType = folder.assetcatalog; path = Assets.xcassets; sourceTree = "<group>"; };
		C54180D623E5738900778699 /* Base */ = {isa = PBXFileReference; lastKnownFileType = file.storyboard; name = Base; path = Base.lproj/LaunchScreen.storyboard; sourceTree = "<group>"; };
		C54180D823E5738900778699 /* Info.plist */ = {isa = PBXFileReference; lastKnownFileType = text.plist.xml; path = Info.plist; sourceTree = "<group>"; };
		C54180DE23E57A1B00778699 /* SearchVC.swift */ = {isa = PBXFileReference; lastKnownFileType = sourcecode.swift; path = SearchVC.swift; sourceTree = "<group>"; };
		C54180E023E57A4700778699 /* FavListVC.swift */ = {isa = PBXFileReference; lastKnownFileType = sourcecode.swift; path = FavListVC.swift; sourceTree = "<group>"; };
		C54180E223E5883900778699 /* GFButton.swift */ = {isa = PBXFileReference; lastKnownFileType = sourcecode.swift; path = GFButton.swift; sourceTree = "<group>"; };
		C54180E423E58CF500778699 /* GFTextField.swift */ = {isa = PBXFileReference; lastKnownFileType = sourcecode.swift; path = GFTextField.swift; sourceTree = "<group>"; };
		C54180E623E5A39B00778699 /* FollowerListVC.swift */ = {isa = PBXFileReference; lastKnownFileType = sourcecode.swift; path = FollowerListVC.swift; sourceTree = "<group>"; };
		C573A9E3242FC46600CF5356 /* GFUserInfoHeaderVC.swift */ = {isa = PBXFileReference; lastKnownFileType = sourcecode.swift; path = GFUserInfoHeaderVC.swift; sourceTree = "<group>"; };
		C573A9E5242FC50500CF5356 /* GFSecondaryTitleLabel.swift */ = {isa = PBXFileReference; lastKnownFileType = sourcecode.swift; path = GFSecondaryTitleLabel.swift; sourceTree = "<group>"; };
		C594AE9424251CB7003830BC /* UserInfoVC.swift */ = {isa = PBXFileReference; lastKnownFileType = sourcecode.swift; path = UserInfoVC.swift; sourceTree = "<group>"; };
		C5B035EB242BA8AB00B5B294 /* GFerror.swift */ = {isa = PBXFileReference; lastKnownFileType = sourcecode.swift; path = GFerror.swift; sourceTree = "<group>"; };
		C5C89B57243105F0006D16EF /* Constants.swift */ = {isa = PBXFileReference; lastKnownFileType = sourcecode.swift; path = Constants.swift; sourceTree = "<group>"; };
		C5DC92142412612D00A0A00A /* GFEmptyStateView.swift */ = {isa = PBXFileReference; lastKnownFileType = sourcecode.swift; path = GFEmptyStateView.swift; sourceTree = "<group>"; };
		C5E1753D23F7DD9E00D7BE06 /* GFBodyLabel.swift */ = {isa = PBXFileReference; lastKnownFileType = sourcecode.swift; path = GFBodyLabel.swift; sourceTree = "<group>"; };
		C5E1753F23F7DEBB00D7BE06 /* GFAlertVCViewController.swift */ = {isa = PBXFileReference; lastKnownFileType = sourcecode.swift; path = GFAlertVCViewController.swift; sourceTree = "<group>"; };
		C5E1754123F7E9D200D7BE06 /* UIViewController+Ext.swift */ = {isa = PBXFileReference; lastKnownFileType = sourcecode.swift; path = "UIViewController+Ext.swift"; sourceTree = "<group>"; };
		C5FB3336240D4E610045C85F /* FollowerCell.swift */ = {isa = PBXFileReference; lastKnownFileType = sourcecode.swift; path = FollowerCell.swift; sourceTree = "<group>"; };
		C5FB3338240D4EDE0045C85F /* GFAvatarImageView.swift */ = {isa = PBXFileReference; lastKnownFileType = sourcecode.swift; path = GFAvatarImageView.swift; sourceTree = "<group>"; };
/* End PBXFileReference section */

/* Begin PBXFrameworksBuildPhase section */
		C54180C423E5738700778699 /* Frameworks */ = {
			isa = PBXFrameworksBuildPhase;
			buildActionMask = 2147483647;
			files = (
			);
			runOnlyForDeploymentPostprocessing = 0;
		};
/* End PBXFrameworksBuildPhase section */

/* Begin PBXGroup section */
		C520F49D2406E60200E10EBC /* Utils */ = {
			isa = PBXGroup;
			children = (
				C518BEC524116B60006A4D0C /* UiHelper.swift */,
				C5B035EB242BA8AB00B5B294 /* GFerror.swift */,
				C5C89B57243105F0006D16EF /* Constants.swift */,
			);
			path = Utils;
			sourceTree = "<group>";
		};
		C526A22524042CF6000273EE /* ViewControllers */ = {
			isa = PBXGroup;
			children = (
				C54180E623E5A39B00778699 /* FollowerListVC.swift */,
				C54180E023E57A4700778699 /* FavListVC.swift */,
				C54180DE23E57A1B00778699 /* SearchVC.swift */,
				C594AE9424251CB7003830BC /* UserInfoVC.swift */,
			);
			path = ViewControllers;
			sourceTree = "<group>";
		};
		C526A22624042D6E000273EE /* Custom Views */ = {
			isa = PBXGroup;
			children = (
				C5DC921324125E6600A0A00A /* TextFields */,
				C5DC921224125E4700A0A00A /* ViewControllers */,
				C5DC921124125E3E00A0A00A /* Labels */,
				C5DC921024125E3700A0A00A /* Buttons */,
				C5DC920F24125E2B00A0A00A /* ImageViews */,
				C5DC920E24125E1800A0A00A /* Views */,
				C5FB3333240D4E320045C85F /* Cells */,
			);
			path = "Custom Views";
			sourceTree = "<group>";
		};
		C526A22724042DA2000273EE /* Extentions */ = {
			isa = PBXGroup;
			children = (
				C5E1754123F7E9D200D7BE06 /* UIViewController+Ext.swift */,
			);
			path = Extentions;
			sourceTree = "<group>";
		};
		C526A22824042E10000273EE /* Support */ = {
			isa = PBXGroup;
			children = (
				C54180D323E5738900778699 /* Assets.xcassets */,
				C54180D523E5738900778699 /* LaunchScreen.storyboard */,
				C54180CA23E5738700778699 /* AppDelegate.swift */,
				C54180CC23E5738700778699 /* SceneDelegate.swift */,
			);
			path = Support;
			sourceTree = "<group>";
		};
		C52D2DBB24057223007996CC /* Model */ = {
			isa = PBXGroup;
			children = (
				C52D2DBC2405722E007996CC /* Follower.swift */,
				C52D2DBE2405735B007996CC /* User.swift */,
			);
			path = Model;
			sourceTree = "<group>";
		};
		C52D2DC024057BD3007996CC /* Managers */ = {
			isa = PBXGroup;
			children = (
				C52D2DC124057BE4007996CC /* NetworkManager.swift */,
			);
			path = Managers;
			sourceTree = "<group>";
		};
		C54180BE23E5738700778699 = {
			isa = PBXGroup;
			children = (
				C54180C923E5738700778699 /* GithubFollowers */,
				C54180C823E5738700778699 /* Products */,
			);
			sourceTree = "<group>";
		};
		C54180C823E5738700778699 /* Products */ = {
			isa = PBXGroup;
			children = (
				C54180C723E5738700778699 /* GithubFollowers.app */,
			);
			name = Products;
			sourceTree = "<group>";
		};
		C54180C923E5738700778699 /* GithubFollowers */ = {
			isa = PBXGroup;
			children = (
				C520F49D2406E60200E10EBC /* Utils */,
				C52D2DC024057BD3007996CC /* Managers */,
				C52D2DBB24057223007996CC /* Model */,
				C54180D823E5738900778699 /* Info.plist */,
				C526A22824042E10000273EE /* Support */,
				C526A22724042DA2000273EE /* Extentions */,
				C526A22624042D6E000273EE /* Custom Views */,
				C526A22524042CF6000273EE /* ViewControllers */,
			);
			path = GithubFollowers;
			sourceTree = "<group>";
		};
		C5DC920E24125E1800A0A00A /* Views */ = {
			isa = PBXGroup;
			children = (
				C5DC92142412612D00A0A00A /* GFEmptyStateView.swift */,
			);
			path = Views;
			sourceTree = "<group>";
		};
		C5DC920F24125E2B00A0A00A /* ImageViews */ = {
			isa = PBXGroup;
			children = (
				C5FB3338240D4EDE0045C85F /* GFAvatarImageView.swift */,
			);
			path = ImageViews;
			sourceTree = "<group>";
		};
		C5DC921024125E3700A0A00A /* Buttons */ = {
			isa = PBXGroup;
			children = (
				C54180E223E5883900778699 /* GFButton.swift */,
			);
			path = Buttons;
			sourceTree = "<group>";
		};
		C5DC921124125E3E00A0A00A /* Labels */ = {
			isa = PBXGroup;
			children = (
				C5E1753D23F7DD9E00D7BE06 /* GFBodyLabel.swift */,
				C533517823EC86D5004F0C76 /* GFTitleLabel.swift */,
				C573A9E5242FC50500CF5356 /* GFSecondaryTitleLabel.swift */,
			);
			path = Labels;
			sourceTree = "<group>";
		};
		C5DC921224125E4700A0A00A /* ViewControllers */ = {
			isa = PBXGroup;
			children = (
				C5E1753F23F7DEBB00D7BE06 /* GFAlertVCViewController.swift */,
				C573A9E3242FC46600CF5356 /* GFUserInfoHeaderVC.swift */,
			);
			path = ViewControllers;
			sourceTree = "<group>";
		};
		C5DC921324125E6600A0A00A /* TextFields */ = {
			isa = PBXGroup;
			children = (
				C54180E423E58CF500778699 /* GFTextField.swift */,
			);
			path = TextFields;
			sourceTree = "<group>";
		};
		C5FB3333240D4E320045C85F /* Cells */ = {
			isa = PBXGroup;
			children = (
				C5FB3336240D4E610045C85F /* FollowerCell.swift */,
			);
			path = Cells;
			sourceTree = "<group>";
		};
/* End PBXGroup section */

/* Begin PBXNativeTarget section */
		C54180C623E5738700778699 /* GithubFollowers */ = {
			isa = PBXNativeTarget;
			buildConfigurationList = C54180DB23E5738900778699 /* Build configuration list for PBXNativeTarget "GithubFollowers" */;
			buildPhases = (
				C54180C323E5738700778699 /* Sources */,
				C54180C423E5738700778699 /* Frameworks */,
				C54180C523E5738700778699 /* Resources */,
			);
			buildRules = (
			);
			dependencies = (
			);
			name = GithubFollowers;
			productName = GithubFollowers;
			productReference = C54180C723E5738700778699 /* GithubFollowers.app */;
			productType = "com.apple.product-type.application";
		};
/* End PBXNativeTarget section */

/* Begin PBXProject section */
		C54180BF23E5738700778699 /* Project object */ = {
			isa = PBXProject;
			attributes = {
				LastSwiftUpdateCheck = 1130;
				LastUpgradeCheck = 1130;
				ORGANIZATIONNAME = iDevelopStudio;
				TargetAttributes = {
					C54180C623E5738700778699 = {
						CreatedOnToolsVersion = 11.3;
					};
				};
			};
			buildConfigurationList = C54180C223E5738700778699 /* Build configuration list for PBXProject "GithubFollowers" */;
			compatibilityVersion = "Xcode 9.3";
			developmentRegion = en;
			hasScannedForEncodings = 0;
			knownRegions = (
				en,
				Base,
			);
			mainGroup = C54180BE23E5738700778699;
			productRefGroup = C54180C823E5738700778699 /* Products */;
			projectDirPath = "";
			projectRoot = "";
			targets = (
				C54180C623E5738700778699 /* GithubFollowers */,
			);
		};
/* End PBXProject section */

/* Begin PBXResourcesBuildPhase section */
		C54180C523E5738700778699 /* Resources */ = {
			isa = PBXResourcesBuildPhase;
			buildActionMask = 2147483647;
			files = (
				C54180D723E5738900778699 /* LaunchScreen.storyboard in Resources */,
				C54180D423E5738900778699 /* Assets.xcassets in Resources */,
			);
			runOnlyForDeploymentPostprocessing = 0;
		};
/* End PBXResourcesBuildPhase section */

/* Begin PBXSourcesBuildPhase section */
		C54180C323E5738700778699 /* Sources */ = {
			isa = PBXSourcesBuildPhase;
			buildActionMask = 2147483647;
			files = (
				C52D2DBF2405735B007996CC /* User.swift in Sources */,
				C54180DF23E57A1B00778699 /* SearchVC.swift in Sources */,
				C5E1754223F7E9D200D7BE06 /* UIViewController+Ext.swift in Sources */,
				C518BEC624116B60006A4D0C /* UiHelper.swift in Sources */,
				C54180E323E5883900778699 /* GFButton.swift in Sources */,
				C54180E123E57A4700778699 /* FavListVC.swift in Sources */,
				C5C89B58243105F0006D16EF /* Constants.swift in Sources */,
				C5FB3339240D4EDE0045C85F /* GFAvatarImageView.swift in Sources */,
				C54180CB23E5738700778699 /* AppDelegate.swift in Sources */,
				C5E1754023F7DEBB00D7BE06 /* GFAlertVCViewController.swift in Sources */,
				C5FB3337240D4E610045C85F /* FollowerCell.swift in Sources */,
				C54180CD23E5738700778699 /* SceneDelegate.swift in Sources */,
				C573A9E4242FC46600CF5356 /* GFUserInfoHeaderVC.swift in Sources */,
				C5B035EC242BA8AB00B5B294 /* GFerror.swift in Sources */,
				C52D2DBD2405722E007996CC /* Follower.swift in Sources */,
				C533517923EC86D5004F0C76 /* GFTitleLabel.swift in Sources */,
				C573A9E6242FC50500CF5356 /* GFSecondaryTitleLabel.swift in Sources */,
				C5DC92152412612D00A0A00A /* GFEmptyStateView.swift in Sources */,
				C52D2DC224057BE4007996CC /* NetworkManager.swift in Sources */,
				C54180E723E5A39B00778699 /* FollowerListVC.swift in Sources */,
				C54180E523E58CF500778699 /* GFTextField.swift in Sources */,
				C5E1753E23F7DD9E00D7BE06 /* GFBodyLabel.swift in Sources */,
				C594AE9524251CB7003830BC /* UserInfoVC.swift in Sources */,
			);
			runOnlyForDeploymentPostprocessing = 0;
		};
/* End PBXSourcesBuildPhase section */

/* Begin PBXVariantGroup section */
		C54180D523E5738900778699 /* LaunchScreen.storyboard */ = {
			isa = PBXVariantGroup;
			children = (
				C54180D623E5738900778699 /* Base */,
			);
			name = LaunchScreen.storyboard;
			sourceTree = "<group>";
		};
/* End PBXVariantGroup section */

/* Begin XCBuildConfiguration section */
		C54180D923E5738900778699 /* Debug */ = {
			isa = XCBuildConfiguration;
			buildSettings = {
				ALWAYS_SEARCH_USER_PATHS = NO;
				CLANG_ANALYZER_NONNULL = YES;
				CLANG_ANALYZER_NUMBER_OBJECT_CONVERSION = YES_AGGRESSIVE;
				CLANG_CXX_LANGUAGE_STANDARD = "gnu++14";
				CLANG_CXX_LIBRARY = "libc++";
				CLANG_ENABLE_MODULES = YES;
				CLANG_ENABLE_OBJC_ARC = YES;
				CLANG_ENABLE_OBJC_WEAK = YES;
				CLANG_WARN_BLOCK_CAPTURE_AUTORELEASING = YES;
				CLANG_WARN_BOOL_CONVERSION = YES;
				CLANG_WARN_COMMA = YES;
				CLANG_WARN_CONSTANT_CONVERSION = YES;
				CLANG_WARN_DEPRECATED_OBJC_IMPLEMENTATIONS = YES;
				CLANG_WARN_DIRECT_OBJC_ISA_USAGE = YES_ERROR;
				CLANG_WARN_DOCUMENTATION_COMMENTS = YES;
				CLANG_WARN_EMPTY_BODY = YES;
				CLANG_WARN_ENUM_CONVERSION = YES;
				CLANG_WARN_INFINITE_RECURSION = YES;
				CLANG_WARN_INT_CONVERSION = YES;
				CLANG_WARN_NON_LITERAL_NULL_CONVERSION = YES;
				CLANG_WARN_OBJC_IMPLICIT_RETAIN_SELF = YES;
				CLANG_WARN_OBJC_LITERAL_CONVERSION = YES;
				CLANG_WARN_OBJC_ROOT_CLASS = YES_ERROR;
				CLANG_WARN_RANGE_LOOP_ANALYSIS = YES;
				CLANG_WARN_STRICT_PROTOTYPES = YES;
				CLANG_WARN_SUSPICIOUS_MOVE = YES;
				CLANG_WARN_UNGUARDED_AVAILABILITY = YES_AGGRESSIVE;
				CLANG_WARN_UNREACHABLE_CODE = YES;
				CLANG_WARN__DUPLICATE_METHOD_MATCH = YES;
				COPY_PHASE_STRIP = NO;
				DEBUG_INFORMATION_FORMAT = dwarf;
				ENABLE_STRICT_OBJC_MSGSEND = YES;
				ENABLE_TESTABILITY = YES;
				GCC_C_LANGUAGE_STANDARD = gnu11;
				GCC_DYNAMIC_NO_PIC = NO;
				GCC_NO_COMMON_BLOCKS = YES;
				GCC_OPTIMIZATION_LEVEL = 0;
				GCC_PREPROCESSOR_DEFINITIONS = (
					"DEBUG=1",
					"$(inherited)",
				);
				GCC_WARN_64_TO_32_BIT_CONVERSION = YES;
				GCC_WARN_ABOUT_RETURN_TYPE = YES_ERROR;
				GCC_WARN_UNDECLARED_SELECTOR = YES;
				GCC_WARN_UNINITIALIZED_AUTOS = YES_AGGRESSIVE;
				GCC_WARN_UNUSED_FUNCTION = YES;
				GCC_WARN_UNUSED_VARIABLE = YES;
				IPHONEOS_DEPLOYMENT_TARGET = 13.2;
				MTL_ENABLE_DEBUG_INFO = INCLUDE_SOURCE;
				MTL_FAST_MATH = YES;
				ONLY_ACTIVE_ARCH = YES;
				SDKROOT = iphoneos;
				SWIFT_ACTIVE_COMPILATION_CONDITIONS = DEBUG;
				SWIFT_OPTIMIZATION_LEVEL = "-Onone";
			};
			name = Debug;
		};
		C54180DA23E5738900778699 /* Release */ = {
			isa = XCBuildConfiguration;
			buildSettings = {
				ALWAYS_SEARCH_USER_PATHS = NO;
				CLANG_ANALYZER_NONNULL = YES;
				CLANG_ANALYZER_NUMBER_OBJECT_CONVERSION = YES_AGGRESSIVE;
				CLANG_CXX_LANGUAGE_STANDARD = "gnu++14";
				CLANG_CXX_LIBRARY = "libc++";
				CLANG_ENABLE_MODULES = YES;
				CLANG_ENABLE_OBJC_ARC = YES;
				CLANG_ENABLE_OBJC_WEAK = YES;
				CLANG_WARN_BLOCK_CAPTURE_AUTORELEASING = YES;
				CLANG_WARN_BOOL_CONVERSION = YES;
				CLANG_WARN_COMMA = YES;
				CLANG_WARN_CONSTANT_CONVERSION = YES;
				CLANG_WARN_DEPRECATED_OBJC_IMPLEMENTATIONS = YES;
				CLANG_WARN_DIRECT_OBJC_ISA_USAGE = YES_ERROR;
				CLANG_WARN_DOCUMENTATION_COMMENTS = YES;
				CLANG_WARN_EMPTY_BODY = YES;
				CLANG_WARN_ENUM_CONVERSION = YES;
				CLANG_WARN_INFINITE_RECURSION = YES;
				CLANG_WARN_INT_CONVERSION = YES;
				CLANG_WARN_NON_LITERAL_NULL_CONVERSION = YES;
				CLANG_WARN_OBJC_IMPLICIT_RETAIN_SELF = YES;
				CLANG_WARN_OBJC_LITERAL_CONVERSION = YES;
				CLANG_WARN_OBJC_ROOT_CLASS = YES_ERROR;
				CLANG_WARN_RANGE_LOOP_ANALYSIS = YES;
				CLANG_WARN_STRICT_PROTOTYPES = YES;
				CLANG_WARN_SUSPICIOUS_MOVE = YES;
				CLANG_WARN_UNGUARDED_AVAILABILITY = YES_AGGRESSIVE;
				CLANG_WARN_UNREACHABLE_CODE = YES;
				CLANG_WARN__DUPLICATE_METHOD_MATCH = YES;
				COPY_PHASE_STRIP = NO;
				DEBUG_INFORMATION_FORMAT = "dwarf-with-dsym";
				ENABLE_NS_ASSERTIONS = NO;
				ENABLE_STRICT_OBJC_MSGSEND = YES;
				GCC_C_LANGUAGE_STANDARD = gnu11;
				GCC_NO_COMMON_BLOCKS = YES;
				GCC_WARN_64_TO_32_BIT_CONVERSION = YES;
				GCC_WARN_ABOUT_RETURN_TYPE = YES_ERROR;
				GCC_WARN_UNDECLARED_SELECTOR = YES;
				GCC_WARN_UNINITIALIZED_AUTOS = YES_AGGRESSIVE;
				GCC_WARN_UNUSED_FUNCTION = YES;
				GCC_WARN_UNUSED_VARIABLE = YES;
				IPHONEOS_DEPLOYMENT_TARGET = 13.2;
				MTL_ENABLE_DEBUG_INFO = NO;
				MTL_FAST_MATH = YES;
				SDKROOT = iphoneos;
				SWIFT_COMPILATION_MODE = wholemodule;
				SWIFT_OPTIMIZATION_LEVEL = "-O";
				VALIDATE_PRODUCT = YES;
			};
			name = Release;
		};
		C54180DC23E5738900778699 /* Debug */ = {
			isa = XCBuildConfiguration;
			buildSettings = {
				ASSETCATALOG_COMPILER_APPICON_NAME = AppIcon;
				CODE_SIGN_STYLE = Automatic;
				DEVELOPMENT_TEAM = 7DQ27655C6;
				INFOPLIST_FILE = GithubFollowers/Info.plist;
				LD_RUNPATH_SEARCH_PATHS = (
					"$(inherited)",
					"@executable_path/Frameworks",
				);
				PRODUCT_BUNDLE_IDENTIFIER = com.idevelopstudio.GithubFollowers;
				PRODUCT_NAME = "$(TARGET_NAME)";
				SWIFT_VERSION = 5.0;
				TARGETED_DEVICE_FAMILY = 1;
			};
			name = Debug;
		};
		C54180DD23E5738900778699 /* Release */ = {
			isa = XCBuildConfiguration;
			buildSettings = {
				ASSETCATALOG_COMPILER_APPICON_NAME = AppIcon;
				CODE_SIGN_STYLE = Automatic;
				DEVELOPMENT_TEAM = 7DQ27655C6;
				INFOPLIST_FILE = GithubFollowers/Info.plist;
				LD_RUNPATH_SEARCH_PATHS = (
					"$(inherited)",
					"@executable_path/Frameworks",
				);
				PRODUCT_BUNDLE_IDENTIFIER = com.idevelopstudio.GithubFollowers;
				PRODUCT_NAME = "$(TARGET_NAME)";
				SWIFT_VERSION = 5.0;
				TARGETED_DEVICE_FAMILY = 1;
			};
			name = Release;
		};
/* End XCBuildConfiguration section */

/* Begin XCConfigurationList section */
		C54180C223E5738700778699 /* Build configuration list for PBXProject "GithubFollowers" */ = {
			isa = XCConfigurationList;
			buildConfigurations = (
				C54180D923E5738900778699 /* Debug */,
				C54180DA23E5738900778699 /* Release */,
			);
			defaultConfigurationIsVisible = 0;
			defaultConfigurationName = Release;
		};
		C54180DB23E5738900778699 /* Build configuration list for PBXNativeTarget "GithubFollowers" */ = {
			isa = XCConfigurationList;
			buildConfigurations = (
				C54180DC23E5738900778699 /* Debug */,
				C54180DD23E5738900778699 /* Release */,
			);
			defaultConfigurationIsVisible = 0;
			defaultConfigurationName = Release;
		};
/* End XCConfigurationList section */
	};
	rootObject = C54180BF23E5738700778699 /* Project object */;
}
